{
  "name": "pennet",
  "version": "0.0.1",
  "lockfileVersion": 1,
  "requires": true,
  "dependencies": {
    "electron-positioner": {
      "version": "4.1.0",
      "resolved": "https://registry.npmjs.org/electron-positioner/-/electron-positioner-4.1.0.tgz",
      "integrity": "sha512-726DfbI9ZNoCg+Fcu6XLuTKTnzf+6nFqv7h+K/V6Ug7IbaPMI7s9S8URnGtWFCy5N5PL4HSzRFF2mXuinftDdg=="
    },
    "xel": {
      "version": "0.0.158",
      "resolved": "https://registry.npmjs.org/xel/-/xel-0.0.158.tgz",
      "integrity": "sha512-P2oNGNQBJcup4KDg2nSt/Cn/VjMceESxnPA3dk25/kEGHlVjcrthwdJ/GhqVKxYQGytxK9lAfkpZZFoPPCfWxQ=="
    }
  }
}
